
Microsoft Visual Studio Solution File, Format Version 12.00
# Visual Studio Version 17
VisualStudioVersion = 17.12.35707.178
MinimumVisualStudioVersion = 10.0.40219.1
Project("{FAE04EC0-301F-11D3-BF4B-00C04F79EFBC}") = "Ciclos", "Ciclos\Ciclos.csproj", "{B943E2AA-D0A7-4AA7-9291-5D33D9A3874B}"
EndProject
Project("{FAE04EC0-301F-11D3-BF4B-00C04F79EFBC}") = "Fibonacci", "Fibonacci\Fibonacci.csproj", "{CCFBEF4D-C177-42B0-BC41-771FD35516FD}"
EndProject
Global
	GlobalSection(SolutionConfigurationPlatforms) = preSolution
		Debug|Any CPU = Debug|Any CPU
		Release|Any CPU = Release|Any CPU
	EndGlobalSection
	GlobalSection(ProjectConfigurationPlatforms) = postSolution
		{B943E2AA-D0A7-4AA7-9291-5D33D9A3874B}.Debug|Any CPU.ActiveCfg = Debug|Any CPU
		{B943E2AA-D0A7-4AA7-9291-5D33D9A3874B}.Debug|Any CPU.Build.0 = Debug|Any CPU
		{B943E2AA-D0A7-4AA7-9291-5D33D9A3874B}.Release|Any CPU.ActiveCfg = Release|Any CPU
		{B943E2AA-D0A7-4AA7-9291-5D33D9A3874B}.Release|Any CPU.Build.0 = Release|Any CPU
		{CCFBEF4D-C177-42B0-BC41-771FD35516FD}.Debug|Any CPU.ActiveCfg = Debug|Any CPU
		{CCFBEF4D-C177-42B0-BC41-771FD35516FD}.Debug|Any CPU.Build.0 = Debug|Any CPU
		{CCFBEF4D-C177-42B0-BC41-771FD35516FD}.Release|Any CPU.ActiveCfg = Release|Any CPU
		{CCFBEF4D-C177-42B0-BC41-771FD35516FD}.Release|Any CPU.Build.0 = Release|Any CPU
	EndGlobalSection
	GlobalSection(SolutionProperties) = preSolution
		HideSolutionNode = FALSE
	EndGlobalSection
EndGlobal
